
Microsoft Visual Studio Solution File, Format Version 12.00
# Visual Studio 15
VisualStudioVersion = 15.0.28010.2016
MinimumVisualStudioVersion = 10.0.40219.1
Project("{FAE04EC0-301F-11D3-BF4B-00C04F79EFBC}") = "buoi1_bai18", "buoi1_bai18\buoi1_bai18.csproj", "{53654F6F-8B2D-43E8-97AD-29D87D0849B0}"
EndProject
Global
	GlobalSection(SolutionConfigurationPlatforms) = preSolution
		Debug|Any CPU = Debug|Any CPU
		Release|Any CPU = Release|Any CPU
	EndGlobalSection
	GlobalSection(ProjectConfigurationPlatforms) = postSolution
		{53654F6F-8B2D-43E8-97AD-29D87D0849B0}.Debug|Any CPU.ActiveCfg = Debug|Any CPU
		{53654F6F-8B2D-43E8-97AD-29D87D0849B0}.Debug|Any CPU.Build.0 = Debug|Any CPU
		{53654F6F-8B2D-43E8-97AD-29D87D0849B0}.Release|Any CPU.ActiveCfg = Release|Any CPU
		{53654F6F-8B2D-43E8-97AD-29D87D0849B0}.Release|Any CPU.Build.0 = Release|Any CPU
	EndGlobalSection
	GlobalSection(SolutionProperties) = preSolution
		HideSolutionNode = FALSE
	EndGlobalSection
	GlobalSection(ExtensibilityGlobals) = postSolution
		SolutionGuid = {3206FDD8-B73E-4C0D-B92B-4AFDF197DC67}
	EndGlobalSection
EndGlobal
