
Microsoft Visual Studio Solution File, Format Version 12.00
# Visual Studio 14
VisualStudioVersion = 14.0.23107.0
MinimumVisualStudioVersion = 10.0.40219.1
Project("{FAE04EC0-301F-11D3-BF4B-00C04F79EFBC}") = "buoi1_bai14", "buoi1_bai14\buoi1_bai14.csproj", "{489E1697-3B51-4FC6-A3A2-36218365E8BE}"
EndProject
Global
	GlobalSection(SolutionConfigurationPlatforms) = preSolution
		Debug|Any CPU = Debug|Any CPU
		Release|Any CPU = Release|Any CPU
	EndGlobalSection
	GlobalSection(ProjectConfigurationPlatforms) = postSolution
		{489E1697-3B51-4FC6-A3A2-36218365E8BE}.Debug|Any CPU.ActiveCfg = Debug|Any CPU
		{489E1697-3B51-4FC6-A3A2-36218365E8BE}.Debug|Any CPU.Build.0 = Debug|Any CPU
		{489E1697-3B51-4FC6-A3A2-36218365E8BE}.Release|Any CPU.ActiveCfg = Release|Any CPU
		{489E1697-3B51-4FC6-A3A2-36218365E8BE}.Release|Any CPU.Build.0 = Release|Any CPU
	EndGlobalSection
	GlobalSection(SolutionProperties) = preSolution
		HideSolutionNode = FALSE
	EndGlobalSection
EndGlobal
