
Microsoft Visual Studio Solution File, Format Version 12.00
# Visual Studio 15
VisualStudioVersion = 15.0.28010.2016
MinimumVisualStudioVersion = 10.0.40219.1
Project("{FAE04EC0-301F-11D3-BF4B-00C04F79EFBC}") = "buoi1_bai32", "buoi1_bai32\buoi1_bai32.csproj", "{1E8C2BD0-FD30-4E4E-9087-24F6966FA4F8}"
EndProject
Global
	GlobalSection(SolutionConfigurationPlatforms) = preSolution
		Debug|Any CPU = Debug|Any CPU
		Release|Any CPU = Release|Any CPU
	EndGlobalSection
	GlobalSection(ProjectConfigurationPlatforms) = postSolution
		{1E8C2BD0-FD30-4E4E-9087-24F6966FA4F8}.Debug|Any CPU.ActiveCfg = Debug|Any CPU
		{1E8C2BD0-FD30-4E4E-9087-24F6966FA4F8}.Debug|Any CPU.Build.0 = Debug|Any CPU
		{1E8C2BD0-FD30-4E4E-9087-24F6966FA4F8}.Release|Any CPU.ActiveCfg = Release|Any CPU
		{1E8C2BD0-FD30-4E4E-9087-24F6966FA4F8}.Release|Any CPU.Build.0 = Release|Any CPU
	EndGlobalSection
	GlobalSection(SolutionProperties) = preSolution
		HideSolutionNode = FALSE
	EndGlobalSection
	GlobalSection(ExtensibilityGlobals) = postSolution
		SolutionGuid = {8CE0C64F-1576-45C8-82BE-C7A941CF5AEF}
	EndGlobalSection
EndGlobal
