
Microsoft Visual Studio Solution File, Format Version 12.00
# Visual Studio 15
VisualStudioVersion = 15.0.28010.2016
MinimumVisualStudioVersion = 10.0.40219.1
Project("{FAE04EC0-301F-11D3-BF4B-00C04F79EFBC}") = "buoi1_bai21", "buoi1_bai21\buoi1_bai21.csproj", "{8FACA9D4-D969-43AD-9567-14B8C2FB502B}"
EndProject
Global
	GlobalSection(SolutionConfigurationPlatforms) = preSolution
		Debug|Any CPU = Debug|Any CPU
		Release|Any CPU = Release|Any CPU
	EndGlobalSection
	GlobalSection(ProjectConfigurationPlatforms) = postSolution
		{8FACA9D4-D969-43AD-9567-14B8C2FB502B}.Debug|Any CPU.ActiveCfg = Debug|Any CPU
		{8FACA9D4-D969-43AD-9567-14B8C2FB502B}.Debug|Any CPU.Build.0 = Debug|Any CPU
		{8FACA9D4-D969-43AD-9567-14B8C2FB502B}.Release|Any CPU.ActiveCfg = Release|Any CPU
		{8FACA9D4-D969-43AD-9567-14B8C2FB502B}.Release|Any CPU.Build.0 = Release|Any CPU
	EndGlobalSection
	GlobalSection(SolutionProperties) = preSolution
		HideSolutionNode = FALSE
	EndGlobalSection
	GlobalSection(ExtensibilityGlobals) = postSolution
		SolutionGuid = {F259FBB4-D0AB-4B5F-8103-1C9A2405EE88}
	EndGlobalSection
EndGlobal
