
Microsoft Visual Studio Solution File, Format Version 12.00
# Visual Studio 15
VisualStudioVersion = 15.0.28010.2016
MinimumVisualStudioVersion = 10.0.40219.1
Project("{FAE04EC0-301F-11D3-BF4B-00C04F79EFBC}") = "buoi1_bai20", "buoi1_bai20\buoi1_bai20.csproj", "{027C2C68-3628-4E90-B1DC-1FFFAA399EAF}"
EndProject
Global
	GlobalSection(SolutionConfigurationPlatforms) = preSolution
		Debug|Any CPU = Debug|Any CPU
		Release|Any CPU = Release|Any CPU
	EndGlobalSection
	GlobalSection(ProjectConfigurationPlatforms) = postSolution
		{027C2C68-3628-4E90-B1DC-1FFFAA399EAF}.Debug|Any CPU.ActiveCfg = Debug|Any CPU
		{027C2C68-3628-4E90-B1DC-1FFFAA399EAF}.Debug|Any CPU.Build.0 = Debug|Any CPU
		{027C2C68-3628-4E90-B1DC-1FFFAA399EAF}.Release|Any CPU.ActiveCfg = Release|Any CPU
		{027C2C68-3628-4E90-B1DC-1FFFAA399EAF}.Release|Any CPU.Build.0 = Release|Any CPU
	EndGlobalSection
	GlobalSection(SolutionProperties) = preSolution
		HideSolutionNode = FALSE
	EndGlobalSection
	GlobalSection(ExtensibilityGlobals) = postSolution
		SolutionGuid = {8B7F8FEE-5794-47C0-8774-11C163CBD59A}
	EndGlobalSection
EndGlobal
