
Microsoft Visual Studio Solution File, Format Version 12.00
# Visual Studio 15
VisualStudioVersion = 15.0.28010.2016
MinimumVisualStudioVersion = 10.0.40219.1
Project("{FAE04EC0-301F-11D3-BF4B-00C04F79EFBC}") = "buoi1_27", "buoi1_27\buoi1_27.csproj", "{62B11093-6718-415A-BAA6-61F8C04A9654}"
EndProject
Global
	GlobalSection(SolutionConfigurationPlatforms) = preSolution
		Debug|Any CPU = Debug|Any CPU
		Release|Any CPU = Release|Any CPU
	EndGlobalSection
	GlobalSection(ProjectConfigurationPlatforms) = postSolution
		{62B11093-6718-415A-BAA6-61F8C04A9654}.Debug|Any CPU.ActiveCfg = Debug|Any CPU
		{62B11093-6718-415A-BAA6-61F8C04A9654}.Debug|Any CPU.Build.0 = Debug|Any CPU
		{62B11093-6718-415A-BAA6-61F8C04A9654}.Release|Any CPU.ActiveCfg = Release|Any CPU
		{62B11093-6718-415A-BAA6-61F8C04A9654}.Release|Any CPU.Build.0 = Release|Any CPU
	EndGlobalSection
	GlobalSection(SolutionProperties) = preSolution
		HideSolutionNode = FALSE
	EndGlobalSection
	GlobalSection(ExtensibilityGlobals) = postSolution
		SolutionGuid = {EB76EC89-2406-46B5-9F6F-E44108B30B87}
	EndGlobalSection
EndGlobal
