
Microsoft Visual Studio Solution File, Format Version 12.00
# Visual Studio 15
VisualStudioVersion = 15.0.27130.2027
MinimumVisualStudioVersion = 10.0.40219.1
Project("{FAE04EC0-301F-11D3-BF4B-00C04F79EFBC}") = "buoi1_bai39", "buoi1_bai39\buoi1_bai39.csproj", "{38B635BE-98B5-4B71-9F5A-BE6D3E883F6B}"
EndProject
Global
	GlobalSection(SolutionConfigurationPlatforms) = preSolution
		Debug|Any CPU = Debug|Any CPU
		Release|Any CPU = Release|Any CPU
	EndGlobalSection
	GlobalSection(ProjectConfigurationPlatforms) = postSolution
		{38B635BE-98B5-4B71-9F5A-BE6D3E883F6B}.Debug|Any CPU.ActiveCfg = Debug|Any CPU
		{38B635BE-98B5-4B71-9F5A-BE6D3E883F6B}.Debug|Any CPU.Build.0 = Debug|Any CPU
		{38B635BE-98B5-4B71-9F5A-BE6D3E883F6B}.Release|Any CPU.ActiveCfg = Release|Any CPU
		{38B635BE-98B5-4B71-9F5A-BE6D3E883F6B}.Release|Any CPU.Build.0 = Release|Any CPU
	EndGlobalSection
	GlobalSection(SolutionProperties) = preSolution
		HideSolutionNode = FALSE
	EndGlobalSection
	GlobalSection(ExtensibilityGlobals) = postSolution
		SolutionGuid = {94B66EFB-57F3-4D61-BA09-2A735FE58900}
	EndGlobalSection
EndGlobal
